// !$*UTF8*$!
{
	archiveVersion = 1;
	classes = {
	};
	objectVersion = 46;
	objects = {

/* Begin PBXAggregateTarget section */
		8DA98AD88AD0341ABCA17071 /* Space Crusher - All */ = {
			isa = PBXAggregateTarget;
			buildConfigurationList = 7249C82B8CBAA5E880EF78F9;
			buildPhases = (
			);
			dependencies = (
				9D7FA0BED0DDF5E72E6D59F9,
				3E3F36F83F71A7B07E8D8B18,
				ED80E610489B15F27FBE2C3C,
			);
			name = "Space Crusher - All";
			productName = "Space Crusher";
		};
/* End PBXAggregateTarget section */

/* Begin PBXBuildFile section */
		0BC5999DCFF953BADCF0F7A5 /* include_juce_gui_extra.mm */ = {isa = PBXBuildFile; fileRef = F272361630AD830529D32245; };
		140E92298205FEADFB1E5B1E /* CoreMIDI.framework */ = {isa = PBXBuildFile; fileRef = 23CBEC453C6604D811D16C28; };
		28FCBF5CC0E74FC0D65930A9 /* DiscRecording.framework */ = {isa = PBXBuildFile; fileRef = 415ACB5C297B64E609517B06; };
		3C9B382A52A9B6D1E5D5CD18 /* include_juce_audio_plugin_client_AU_1.mm */ = {isa = PBXBuildFile; fileRef = A83F9C9231A8228A58FC0B29; };
		401C635E4C7A6C02485CFA08 /* include_juce_audio_plugin_client_AU_2.mm */ = {isa = PBXBuildFile; fileRef = 2FD3271A75222B3CE3BD65E9; };
		486AE4338732D56E87E8031D /* include_juce_audio_plugin_client_AU.r */ = {isa = PBXBuildFile; fileRef = 255C6E2377F5C8284FE3B16F; };
		4E612DF5B955ED760BE69B04 /* include_juce_events.mm */ = {isa = PBXBuildFile; fileRef = AECB799DEB68FBA0964B6E60; };
		4EBC7FC38ABDD0A52A12F6AC /* Cocoa.framework */ = {isa = PBXBuildFile; fileRef = 15839C24BAAB243FEBC2C8B1; };
		5947ED805014D9E7FE40E4FE /* BitCrusher.cpp */ = {isa = PBXBuildFile; fileRef = D7EB5798D7A1CE5DE872CAD2; };
		6077D901EAA2AF6F42C06108 /* include_juce_audio_basics.mm */ = {isa = PBXBuildFile; fileRef = A1B20567177568B4C2433E26; };
		6192F34CDCDA01D632F7907D /* PluginProcessor.cpp */ = {isa = PBXBuildFile; fileRef = 0CEB4817FD682D1C62059CA8; };
		61C94B25DC4D05D7BEBB2A6F /* include_juce_data_structures.mm */ = {isa = PBXBuildFile; fileRef = DD8F4C5B3923CA513300409A; };
		62F63BE30BB53485D1FCBE7F /* AVFoundation.framework */ = {isa = PBXBuildFile; fileRef = CE4BAB672C1C57479E079890; };
		718F059B2E55A1DA07FE7E1D /* IOKit.framework */ = {isa = PBXBuildFile; fileRef = C074F689D324E06DA0D2EAAB; };
		742D500AEE22B3BCEC52F6BF /* Shared Code */ = {isa = PBXBuildFile; fileRef = D2BF49924F5FC5701CD50669; };
		7943FADE0C2554A1A002925C /* AUv3 AppExtension */ = {isa = PBXBuildFile; fileRef = 8DB5F4BBDD66E73FE3DA47C8; };
		79C8DB6DCD583D135E3F1602 /* WebKit.framework */ = {isa = PBXBuildFile; fileRef = 4ED3C24336D5398853075960; };
		7CE85052DEB2ACAA59FAC2AD /* include_juce_dsp.mm */ = {isa = PBXBuildFile; fileRef = 097AE1CD55DEBF0059AF2C0D; };
		83D660A9DF7E67973D7545F5 /* include_juce_audio_plugin_client_AUv3.mm */ = {isa = PBXBuildFile; fileRef = E3C16AEF0EDCE77B44320BF0; };
		865A27616B11949296CA1FD1 /* QuartzCore.framework */ = {isa = PBXBuildFile; fileRef = 0D722018C13BF666FC15EAE8; };
		86E8C887C20E2EA920247C64 /* CoreAudio.framework */ = {isa = PBXBuildFile; fileRef = 3B3ACAA8925631B634F22337; };
		8B2E840ADEE85369D11DEE27 /* Reverb.cpp */ = {isa = PBXBuildFile; fileRef = 46E55815A0073B5B0F01389A; };
		8E3AC201C7021DE7088155CF /* Delay.cpp */ = {isa = PBXBuildFile; fileRef = 151ADE8563CF36FF15F6E7EF; };
		901793633006424AE0B6E2B0 /* include_juce_core.mm */ = {isa = PBXBuildFile; fileRef = F6E38482AE04FDEA73402609; };
		90952B5158F0689637E49CF2 /* AudioToolbox.framework */ = {isa = PBXBuildFile; fileRef = F5C1103349921869C41F0259; };
		9DCCB3B714B2481760096C6D /* PluginEditor.cpp */ = {isa = PBXBuildFile; fileRef = D9B73974C685C3BE0FC367F6; };
		B78F9775880D65CFB952A42A /* AudioUnit.framework */ = {isa = PBXBuildFile; fileRef = 8920A6459249954CB562AB54; };
		B97D3F8CAAB43E87AB563336 /* WhiteNoiseGenerator.cpp */ = {isa = PBXBuildFile; fileRef = A46ED2591B4EA20FAA6F5A66; };
		C16F670DA7227DB6FC332A10 /* include_juce_audio_devices.mm */ = {isa = PBXBuildFile; fileRef = 5F53603C10C0FC271FD207CF; };
		C42CD3B9B2B035EB47905ADC /* include_juce_audio_utils.mm */ = {isa = PBXBuildFile; fileRef = EB63A6162B7AB28AA36B7B4A; };
		C43219D5FE0A2F0A4F277E26 /* include_juce_audio_formats.mm */ = {isa = PBXBuildFile; fileRef = C4755A9B977C198BD2B6D48B; };
		C8B39900560A4ECAB2AB08F2 /* Carbon.framework */ = {isa = PBXBuildFile; fileRef = 5ED2F574F47EDDAFEA68D160; };
		CB9A341EA2A5510EB069E018 /* include_juce_audio_processors.mm */ = {isa = PBXBuildFile; fileRef = D7FA91E272CD3F9C7557FAB1; };
		D50C31824BF32954DFFC371B /* RecentFilesMenuTemplate.nib */ = {isa = PBXBuildFile; fileRef = 16BEA945D70EEBEE0D8A1173; };
		D5C910525BD8856DA339C53D /* include_juce_audio_plugin_client_VST_utils.mm */ = {isa = PBXBuildFile; fileRef = 0426F827388372A7C74A70AD; };
		D8CCB7CCC2C2DECF327429EB /* include_juce_gui_basics.mm */ = {isa = PBXBuildFile; fileRef = 507F51D3C918F9F07725AEB7; };
		DB1B7975A61EBC8B0CCB7A4E /* Accelerate.framework */ = {isa = PBXBuildFile; fileRef = F916FBF06AE67FF7EFB6D57D; };
		E4F7F902C4438BF5AB10C72B /* CoreAudioKit.framework */ = {isa = PBXBuildFile; fileRef = BA5226E00D245851C03F26EC; };
		E561984FE6E8063AD5096EDA /* AU */ = {isa = PBXBuildFile; fileRef = 1091A19307223DD7CFB0B3B9; };
		E6617801A629C8A0722EAB09 /* include_juce_graphics.mm */ = {isa = PBXBuildFile; fileRef = 1C7D2D21B4601D00AE470D39; };
		E8A3B283EB9FD00E33C63254 /* include_juce_audio_plugin_client_utils.cpp */ = {isa = PBXBuildFile; fileRef = 3A59942024DAED8A6D71F7BC; };
		E97E70CBF4D155D82E1B2EC8 /* CircularBuffer.cpp */ = {isa = PBXBuildFile; fileRef = B8E74F336F6D33C1FF2EB6D3; };
		FB9908FD60C20A9D745E6687 /* Foundation.framework */ = {isa = PBXBuildFile; fileRef = BEE0F5F36E0E1A30199D621A; };
/* End PBXBuildFile section */

/* Begin PBXFileReference section */
		0426F827388372A7C74A70AD /* include_juce_audio_plugin_client_VST_utils.mm */ /* include_juce_audio_plugin_client_VST_utils.mm */ = {isa = PBXFileReference; lastKnownFileType = sourcecode.cpp.objcpp; name = include_juce_audio_plugin_client_VST_utils.mm; path = ../../JuceLibraryCode/include_juce_audio_plugin_client_VST_utils.mm; sourceTree = SOURCE_ROOT; };
		066F2422363267E0375965F3 /* BitCrusher.h */ /* BitCrusher.h */ = {isa = PBXFileReference; lastKnownFileType = sourcecode.c.h; name = BitCrusher.h; path = ../../Source/BitCrusher.h; sourceTree = SOURCE_ROOT; };
		097AE1CD55DEBF0059AF2C0D /* include_juce_dsp.mm */ /* include_juce_dsp.mm */ = {isa = PBXFileReference; lastKnownFileType = sourcecode.cpp.objcpp; name = include_juce_dsp.mm; path = ../../JuceLibraryCode/include_juce_dsp.mm; sourceTree = SOURCE_ROOT; };
		0A07F22C5D7F97BF22F67CDE /* CircularBuffer.h */ /* CircularBuffer.h */ = {isa = PBXFileReference; lastKnownFileType = sourcecode.c.h; name = CircularBuffer.h; path = ../../Source/CircularBuffer.h; sourceTree = SOURCE_ROOT; };
		0CEB4817FD682D1C62059CA8 /* PluginProcessor.cpp */ /* PluginProcessor.cpp */ = {isa = PBXFileReference; lastKnownFileType = sourcecode.cpp.cpp; name = PluginProcessor.cpp; path = ../../Source/PluginProcessor.cpp; sourceTree = SOURCE_ROOT; };
		0D722018C13BF666FC15EAE8 /* QuartzCore.framework */ /* QuartzCore.framework */ = {isa = PBXFileReference; lastKnownFileType = wrapper.framework; name = QuartzCore.framework; path = System/Library/Frameworks/QuartzCore.framework; sourceTree = SDKROOT; };
		1091A19307223DD7CFB0B3B9 /* AU */ = {isa = PBXFileReference; explicitFileType = wrapper.cfbundle; includeInIndex = 0; path = "Space Crusher.component"; sourceTree = BUILT_PRODUCTS_DIR; };
		12FFC1DA62890C163F249D42 /* juce_data_structures */ /* juce_data_structures */ = {isa = PBXFileReference; lastKnownFileType = folder; name = juce_data_structures; path = "~/JUCE/modules/juce_data_structures"; sourceTree = "<absolute>"; };
		143E85CF1E490F393DADC24B /* juce_gui_basics */ /* juce_gui_basics */ = {isa = PBXFileReference; lastKnownFileType = folder; name = juce_gui_basics; path = "~/JUCE/modules/juce_gui_basics"; sourceTree = "<absolute>"; };
		151ADE8563CF36FF15F6E7EF /* Delay.cpp */ /* Delay.cpp */ = {isa = PBXFileReference; lastKnownFileType = sourcecode.cpp.cpp; name = Delay.cpp; path = ../../Source/Delay.cpp; sourceTree = SOURCE_ROOT; };
		15839C24BAAB243FEBC2C8B1 /* Cocoa.framework */ /* Cocoa.framework */ = {isa = PBXFileReference; lastKnownFileType = wrapper.framework; name = Cocoa.framework; path = System/Library/Frameworks/Cocoa.framework; sourceTree = SDKROOT; };
		16BEA945D70EEBEE0D8A1173 /* RecentFilesMenuTemplate.nib */ /* RecentFilesMenuTemplate.nib */ = {isa = PBXFileReference; lastKnownFileType = file.nib; name = RecentFilesMenuTemplate.nib; path = RecentFilesMenuTemplate.nib; sourceTree = SOURCE_ROOT; };
		19CF20C4B58AA3BEB6A2ED0B /* juce_audio_plugin_client */ /* juce_audio_plugin_client */ = {isa = PBXFileReference; lastKnownFileType = folder; name = juce_audio_plugin_client; path = "~/JUCE/modules/juce_audio_plugin_client"; sourceTree = "<absolute>"; };
		1C7D2D21B4601D00AE470D39 /* include_juce_graphics.mm */ /* include_juce_graphics.mm */ = {isa = PBXFileReference; lastKnownFileType = sourcecode.cpp.objcpp; name = include_juce_graphics.mm; path = ../../JuceLibraryCode/include_juce_graphics.mm; sourceTree = SOURCE_ROOT; };
		23CBEC453C6604D811D16C28 /* CoreMIDI.framework */ /* CoreMIDI.framework */ = {isa = PBXFileReference; lastKnownFileType = wrapper.framework; name = CoreMIDI.framework; path = System/Library/Frameworks/CoreMIDI.framework; sourceTree = SDKROOT; };
		244A32EFC8A59B028720C89C /* juce_gui_extra */ /* juce_gui_extra */ = {isa = PBXFileReference; lastKnownFileType = folder; name = juce_gui_extra; path = "~/JUCE/modules/juce_gui_extra"; sourceTree = "<absolute>"; };
		255C6E2377F5C8284FE3B16F /* include_juce_audio_plugin_client_AU.r */ /* include_juce_audio_plugin_client_AU.r */ = {isa = PBXFileReference; lastKnownFileType = file.r; name = include_juce_audio_plugin_client_AU.r; path = ../../JuceLibraryCode/include_juce_audio_plugin_client_AU.r; sourceTree = SOURCE_ROOT; };
		2FD3271A75222B3CE3BD65E9 /* include_juce_audio_plugin_client_AU_2.mm */ /* include_juce_audio_plugin_client_AU_2.mm */ = {isa = PBXFileReference; lastKnownFileType = sourcecode.cpp.objcpp; name = include_juce_audio_plugin_client_AU_2.mm; path = ../../JuceLibraryCode/include_juce_audio_plugin_client_AU_2.mm; sourceTree = SOURCE_ROOT; };
		3746632DD5A57BE3D7A14E5B /* Info-AUv3_AppExtension.plist */ /* Info-AUv3_AppExtension.plist */ = {isa = PBXFileReference; lastKnownFileType = text.plist.xml; name = "Info-AUv3_AppExtension.plist"; path = "Info-AUv3_AppExtension.plist"; sourceTree = SOURCE_ROOT; };
		3A59942024DAED8A6D71F7BC /* include_juce_audio_plugin_client_utils.cpp */ /* include_juce_audio_plugin_client_utils.cpp */ = {isa = PBXFileReference; lastKnownFileType = sourcecode.cpp.cpp; name = include_juce_audio_plugin_client_utils.cpp; path = ../../JuceLibraryCode/include_juce_audio_plugin_client_utils.cpp; sourceTree = SOURCE_ROOT; };
		3AEE1FC2E4DFE8AAED71E057 /* juce_audio_devices */ /* juce_audio_devices */ = {isa = PBXFileReference; lastKnownFileType = folder; name = juce_audio_devices; path = "~/JUCE/modules/juce_audio_devices"; sourceTree = "<absolute>"; };
		3B3ACAA8925631B634F22337 /* CoreAudio.framework */ /* CoreAudio.framework */ = {isa = PBXFileReference; lastKnownFileType = wrapper.framework; name = CoreAudio.framework; path = System/Library/Frameworks/CoreAudio.framework; sourceTree = SDKROOT; };
		415ACB5C297B64E609517B06 /* DiscRecording.framework */ /* DiscRecording.framework */ = {isa = PBXFileReference; lastKnownFileType = wrapper.framework; name = DiscRecording.framework; path = System/Library/Frameworks/DiscRecording.framework; sourceTree = SDKROOT; };
		45E76163B18BA40EB56D1580 /* PluginEditor.h */ /* PluginEditor.h */ = {isa = PBXFileReference; lastKnownFileType = sourcecode.c.h; name = PluginEditor.h; path = ../../Source/PluginEditor.h; sourceTree = SOURCE_ROOT; };
		46E55815A0073B5B0F01389A /* Reverb.cpp */ /* Reverb.cpp */ = {isa = PBXFileReference; lastKnownFileType = sourcecode.cpp.cpp; name = Reverb.cpp; path = ../../Source/Reverb.cpp; sourceTree = SOURCE_ROOT; };
		4ED3C24336D5398853075960 /* WebKit.framework */ /* WebKit.framework */ = {isa = PBXFileReference; lastKnownFileType = wrapper.framework; name = WebKit.framework; path = System/Library/Frameworks/WebKit.framework; sourceTree = SDKROOT; };
		4F507823E08CD876EA7BC600 /* Reverb.h */ /* Reverb.h */ = {isa = PBXFileReference; lastKnownFileType = sourcecode.c.h; name = Reverb.h; path = ../../Source/Reverb.h; sourceTree = SOURCE_ROOT; };
		507F51D3C918F9F07725AEB7 /* include_juce_gui_basics.mm */ /* include_juce_gui_basics.mm */ = {isa = PBXFileReference; lastKnownFileType = sourcecode.cpp.objcpp; name = include_juce_gui_basics.mm; path = ../../JuceLibraryCode/include_juce_gui_basics.mm; sourceTree = SOURCE_ROOT; };
		539978AB4C5774B941EE44E3 /* juce_events */ /* juce_events */ = {isa = PBXFileReference; lastKnownFileType = folder; name = juce_events; path = "~/JUCE/modules/juce_events"; sourceTree = "<absolute>"; };
		5ED2F574F47EDDAFEA68D160 /* Carbon.framework */ /* Carbon.framework */ = {isa = PBXFileReference; lastKnownFileType = wrapper.framework; name = Carbon.framework; path = System/Library/Frameworks/Carbon.framework; sourceTree = SDKROOT; };
		5F53603C10C0FC271FD207CF /* include_juce_audio_devices.mm */ /* include_juce_audio_devices.mm */ = {isa = PBXFileReference; lastKnownFileType = sourcecode.cpp.objcpp; name = include_juce_audio_devices.mm; path = ../../JuceLibraryCode/include_juce_audio_devices.mm; sourceTree = SOURCE_ROOT; };
		6A672FB8D8467621C588079A /* juce_audio_processors */ /* juce_audio_processors */ = {isa = PBXFileReference; lastKnownFileType = folder; name = juce_audio_processors; path = "~/JUCE/modules/juce_audio_processors"; sourceTree = "<absolute>"; };
		8920A6459249954CB562AB54 /* AudioUnit.framework */ /* AudioUnit.framework */ = {isa = PBXFileReference; lastKnownFileType = wrapper.framework; name = AudioUnit.framework; path = System/Library/Frameworks/AudioUnit.framework; sourceTree = SDKROOT; };
		8DB5F4BBDD66E73FE3DA47C8 /* AUv3 AppExtension */ = {isa = PBXFileReference; explicitFileType = "wrapper.app-extension"; includeInIndex = 0; path = "Space Crusher.appex"; sourceTree = BUILT_PRODUCTS_DIR; };
		92C18EA6A689090FBE209220 /* PluginProcessor.h */ /* PluginProcessor.h */ = {isa = PBXFileReference; lastKnownFileType = sourcecode.c.h; name = PluginProcessor.h; path = ../../Source/PluginProcessor.h; sourceTree = SOURCE_ROOT; };
		A1B20567177568B4C2433E26 /* include_juce_audio_basics.mm */ /* include_juce_audio_basics.mm */ = {isa = PBXFileReference; lastKnownFileType = sourcecode.cpp.objcpp; name = include_juce_audio_basics.mm; path = ../../JuceLibraryCode/include_juce_audio_basics.mm; sourceTree = SOURCE_ROOT; };
		A46ED2591B4EA20FAA6F5A66 /* WhiteNoiseGenerator.cpp */ /* WhiteNoiseGenerator.cpp */ = {isa = PBXFileReference; lastKnownFileType = sourcecode.cpp.cpp; name = WhiteNoiseGenerator.cpp; path = ../../Source/WhiteNoiseGenerator.cpp; sourceTree = SOURCE_ROOT; };
		A68DD6166BF73360363F595E /* WhiteNoiseGenerator.h */ /* WhiteNoiseGenerator.h */ = {isa = PBXFileReference; lastKnownFileType = sourcecode.c.h; name = WhiteNoiseGenerator.h; path = ../../Source/WhiteNoiseGenerator.h; sourceTree = SOURCE_ROOT; };
		A83F9C9231A8228A58FC0B29 /* include_juce_audio_plugin_client_AU_1.mm */ /* include_juce_audio_plugin_client_AU_1.mm */ = {isa = PBXFileReference; lastKnownFileType = sourcecode.cpp.objcpp; name = include_juce_audio_plugin_client_AU_1.mm; path = ../../JuceLibraryCode/include_juce_audio_plugin_client_AU_1.mm; sourceTree = SOURCE_ROOT; };
		AECB799DEB68FBA0964B6E60 /* include_juce_events.mm */ /* include_juce_events.mm */ = {isa = PBXFileReference; lastKnownFileType = sourcecode.cpp.objcpp; name = include_juce_events.mm; path = ../../JuceLibraryCode/include_juce_events.mm; sourceTree = SOURCE_ROOT; };
		AF33616DA03C90538832BC7A /* JuceHeader.h */ /* JuceHeader.h */ = {isa = PBXFileReference; lastKnownFileType = sourcecode.c.h; name = JuceHeader.h; path = ../../JuceLibraryCode/JuceHeader.h; sourceTree = SOURCE_ROOT; };
		B52628F1757C0195BC112F5F /* JucePluginDefines.h */ /* JucePluginDefines.h */ = {isa = PBXFileReference; lastKnownFileType = sourcecode.c.h; name = JucePluginDefines.h; path = ../../JuceLibraryCode/JucePluginDefines.h; sourceTree = SOURCE_ROOT; };
		B65918C42E17A583D0920D66 /* juce_audio_utils */ /* juce_audio_utils */ = {isa = PBXFileReference; lastKnownFileType = folder; name = juce_audio_utils; path = "~/JUCE/modules/juce_audio_utils"; sourceTree = "<absolute>"; };
		B8E74F336F6D33C1FF2EB6D3 /* CircularBuffer.cpp */ /* CircularBuffer.cpp */ = {isa = PBXFileReference; lastKnownFileType = sourcecode.cpp.cpp; name = CircularBuffer.cpp; path = ../../Source/CircularBuffer.cpp; sourceTree = SOURCE_ROOT; };
		BA5226E00D245851C03F26EC /* CoreAudioKit.framework */ /* CoreAudioKit.framework */ = {isa = PBXFileReference; lastKnownFileType = wrapper.framework; name = CoreAudioKit.framework; path = System/Library/Frameworks/CoreAudioKit.framework; sourceTree = SDKROOT; };
		BEE0F5F36E0E1A30199D621A /* Foundation.framework */ /* Foundation.framework */ = {isa = PBXFileReference; lastKnownFileType = wrapper.framework; name = Foundation.framework; path = System/Library/Frameworks/Foundation.framework; sourceTree = SDKROOT; };
		C074F689D324E06DA0D2EAAB /* IOKit.framework */ /* IOKit.framework */ = {isa = PBXFileReference; lastKnownFileType = wrapper.framework; name = IOKit.framework; path = System/Library/Frameworks/IOKit.framework; sourceTree = SDKROOT; };
		C14D8E924976109E7C222DBF /* juce_audio_formats */ /* juce_audio_formats */ = {isa = PBXFileReference; lastKnownFileType = folder; name = juce_audio_formats; path = "~/JUCE/modules/juce_audio_formats"; sourceTree = "<absolute>"; };
		C4755A9B977C198BD2B6D48B /* include_juce_audio_formats.mm */ /* include_juce_audio_formats.mm */ = {isa = PBXFileReference; lastKnownFileType = sourcecode.cpp.objcpp; name = include_juce_audio_formats.mm; path = ../../JuceLibraryCode/include_juce_audio_formats.mm; sourceTree = SOURCE_ROOT; };
		C5FEB7F2BE8BA34A2CE13327 /* AUv3_AppExtension.entitlements */ /* AUv3_AppExtension.entitlements */ = {isa = PBXFileReference; lastKnownFileType = text.plist.xml; name = AUv3_AppExtension.entitlements; path = AUv3_AppExtension.entitlements; sourceTree = SOURCE_ROOT; };
		CE4BAB672C1C57479E079890 /* AVFoundation.framework */ /* AVFoundation.framework */ = {isa = PBXFileReference; lastKnownFileType = wrapper.framework; name = AVFoundation.framework; path = System/Library/Frameworks/AVFoundation.framework; sourceTree = SDKROOT; };
		D1A3A77FBDA4B939C282B2A9 /* juce_dsp */ /* juce_dsp */ = {isa = PBXFileReference; lastKnownFileType = folder; name = juce_dsp; path = "~/JUCE/modules/juce_dsp"; sourceTree = "<absolute>"; };
		D2BF49924F5FC5701CD50669 /* Shared Code */ = {isa = PBXFileReference; explicitFileType = archive.ar; includeInIndex = 0; path = "libSpace Crusher.a"; sourceTree = BUILT_PRODUCTS_DIR; };
		D7EB5798D7A1CE5DE872CAD2 /* BitCrusher.cpp */ /* BitCrusher.cpp */ = {isa = PBXFileReference; lastKnownFileType = sourcecode.cpp.cpp; name = BitCrusher.cpp; path = ../../Source/BitCrusher.cpp; sourceTree = SOURCE_ROOT; };
		D7FA91E272CD3F9C7557FAB1 /* include_juce_audio_processors.mm */ /* include_juce_audio_processors.mm */ = {isa = PBXFileReference; lastKnownFileType = sourcecode.cpp.objcpp; name = include_juce_audio_processors.mm; path = ../../JuceLibraryCode/include_juce_audio_processors.mm; sourceTree = SOURCE_ROOT; };
		D9B73974C685C3BE0FC367F6 /* PluginEditor.cpp */ /* PluginEditor.cpp */ = {isa = PBXFileReference; lastKnownFileType = sourcecode.cpp.cpp; name = PluginEditor.cpp; path = ../../Source/PluginEditor.cpp; sourceTree = SOURCE_ROOT; };
		DC55EF93129AC533C813F86D /* Delay.h */ /* Delay.h */ = {isa = PBXFileReference; lastKnownFileType = sourcecode.c.h; name = Delay.h; path = ../../Source/Delay.h; sourceTree = SOURCE_ROOT; };
		DD8F4C5B3923CA513300409A /* include_juce_data_structures.mm */ /* include_juce_data_structures.mm */ = {isa = PBXFileReference; lastKnownFileType = sourcecode.cpp.objcpp; name = include_juce_data_structures.mm; path = ../../JuceLibraryCode/include_juce_data_structures.mm; sourceTree = SOURCE_ROOT; };
		E2AC41FBAB7E9A4721675A99 /* juce_graphics */ /* juce_graphics */ = {isa = PBXFileReference; lastKnownFileType = folder; name = juce_graphics; path = "~/JUCE/modules/juce_graphics"; sourceTree = "<absolute>"; };
		E3C16AEF0EDCE77B44320BF0 /* include_juce_audio_plugin_client_AUv3.mm */ /* include_juce_audio_plugin_client_AUv3.mm */ = {isa = PBXFileReference; lastKnownFileType = sourcecode.cpp.objcpp; name = include_juce_audio_plugin_client_AUv3.mm; path = ../../JuceLibraryCode/include_juce_audio_plugin_client_AUv3.mm; sourceTree = SOURCE_ROOT; };
		EB63A6162B7AB28AA36B7B4A /* include_juce_audio_utils.mm */ /* include_juce_audio_utils.mm */ = {isa = PBXFileReference; lastKnownFileType = sourcecode.cpp.objcpp; name = include_juce_audio_utils.mm; path = ../../JuceLibraryCode/include_juce_audio_utils.mm; sourceTree = SOURCE_ROOT; };
		F272361630AD830529D32245 /* include_juce_gui_extra.mm */ /* include_juce_gui_extra.mm */ = {isa = PBXFileReference; lastKnownFileType = sourcecode.cpp.objcpp; name = include_juce_gui_extra.mm; path = ../../JuceLibraryCode/include_juce_gui_extra.mm; sourceTree = SOURCE_ROOT; };
		F5C1103349921869C41F0259 /* AudioToolbox.framework */ /* AudioToolbox.framework */ = {isa = PBXFileReference; lastKnownFileType = wrapper.framework; name = AudioToolbox.framework; path = System/Library/Frameworks/AudioToolbox.framework; sourceTree = SDKROOT; };
		F6E38482AE04FDEA73402609 /* include_juce_core.mm */ /* include_juce_core.mm */ = {isa = PBXFileReference; lastKnownFileType = sourcecode.cpp.objcpp; name = include_juce_core.mm; path = ../../JuceLibraryCode/include_juce_core.mm; sourceTree = SOURCE_ROOT; };
		F916FBF06AE67FF7EFB6D57D /* Accelerate.framework */ /* Accelerate.framework */ = {isa = PBXFileReference; lastKnownFileType = wrapper.framework; name = Accelerate.framework; path = System/Library/Frameworks/Accelerate.framework; sourceTree = SDKROOT; };
		F998D367F9F5E894A010BC5E /* juce_audio_basics */ /* juce_audio_basics */ = {isa = PBXFileReference; lastKnownFileType = folder; name = juce_audio_basics; path = "~/JUCE/modules/juce_audio_basics"; sourceTree = "<absolute>"; };
		FAEDE42BE0EDF1A1F2D735BD /* juce_core */ /* juce_core */ = {isa = PBXFileReference; lastKnownFileType = folder; name = juce_core; path = "~/JUCE/modules/juce_core"; sourceTree = "<absolute>"; };
		FFD1C380E4AFE64C3D930789 /* Info-AU.plist */ /* Info-AU.plist */ = {isa = PBXFileReference; lastKnownFileType = text.plist.xml; name = "Info-AU.plist"; path = "Info-AU.plist"; sourceTree = SOURCE_ROOT; };
/* End PBXFileReference section */

/* Begin PBXFrameworksBuildPhase section */
		87D26FBD2447D904C1470444 = {
			isa = PBXFrameworksBuildPhase;
			buildActionMask = 2147483647;
			files = (
				B78F9775880D65CFB952A42A,
				DB1B7975A61EBC8B0CCB7A4E,
				90952B5158F0689637E49CF2,
				62F63BE30BB53485D1FCBE7F,
				C8B39900560A4ECAB2AB08F2,
				4EBC7FC38ABDD0A52A12F6AC,
				86E8C887C20E2EA920247C64,
				E4F7F902C4438BF5AB10C72B,
				140E92298205FEADFB1E5B1E,
				28FCBF5CC0E74FC0D65930A9,
				FB9908FD60C20A9D745E6687,
				718F059B2E55A1DA07FE7E1D,
				865A27616B11949296CA1FD1,
				79C8DB6DCD583D135E3F1602,
			);
			runOnlyForDeploymentPostprocessing = 0;
		};
		EC647640CA0F27DD5CD8EE49 = {
			isa = PBXFrameworksBuildPhase;
			buildActionMask = 2147483647;
			files = (
				B78F9775880D65CFB952A42A,
				DB1B7975A61EBC8B0CCB7A4E,
				90952B5158F0689637E49CF2,
				C8B39900560A4ECAB2AB08F2,
				4EBC7FC38ABDD0A52A12F6AC,
				86E8C887C20E2EA920247C64,
				E4F7F902C4438BF5AB10C72B,
				140E92298205FEADFB1E5B1E,
				28FCBF5CC0E74FC0D65930A9,
				FB9908FD60C20A9D745E6687,
				718F059B2E55A1DA07FE7E1D,
				865A27616B11949296CA1FD1,
				79C8DB6DCD583D135E3F1602,
			);
			runOnlyForDeploymentPostprocessing = 0;
		};
/* End PBXFrameworksBuildPhase section */

/* Begin PBXGroup section */
		0C97085AEE369C7E922E1C64 /* Source */ = {
			isa = PBXGroup;
			children = (
				ED9937570800C4AF3EF04D19,
				2959864D720730D825017480,
				43A1FF2E2E3F9AAE6B624F06,
				457735F122A253C03D688058,
				F5625F6F94C3BD6E3057143C,
				A91C4C4ABA11630AE2A640B1,
			);
			name = Source;
			sourceTree = "<group>";
		};
		2959864D720730D825017480 /* JUCE Modules */ = {
			isa = PBXGroup;
			children = (
				F998D367F9F5E894A010BC5E,
				3AEE1FC2E4DFE8AAED71E057,
				C14D8E924976109E7C222DBF,
				19CF20C4B58AA3BEB6A2ED0B,
				6A672FB8D8467621C588079A,
				B65918C42E17A583D0920D66,
				FAEDE42BE0EDF1A1F2D735BD,
				12FFC1DA62890C163F249D42,
				D1A3A77FBDA4B939C282B2A9,
				539978AB4C5774B941EE44E3,
				E2AC41FBAB7E9A4721675A99,
				143E85CF1E490F393DADC24B,
				244A32EFC8A59B028720C89C,
			);
			name = "JUCE Modules";
			sourceTree = "<group>";
		};
		41527228C38D9EEB4ED1B41D /* Source */ = {
			isa = PBXGroup;
			children = (
				0A07F22C5D7F97BF22F67CDE,
				A46ED2591B4EA20FAA6F5A66,
				A68DD6166BF73360363F595E,
				B8E74F336F6D33C1FF2EB6D3,
				0CEB4817FD682D1C62059CA8,
				92C18EA6A689090FBE209220,
				D7EB5798D7A1CE5DE872CAD2,
				066F2422363267E0375965F3,
				151ADE8563CF36FF15F6E7EF,
				DC55EF93129AC533C813F86D,
				46E55815A0073B5B0F01389A,
				4F507823E08CD876EA7BC600,
				D9B73974C685C3BE0FC367F6,
				45E76163B18BA40EB56D1580,
			);
			name = Source;
			sourceTree = "<group>";
		};
		43A1FF2E2E3F9AAE6B624F06 /* JUCE Library Code */ = {
			isa = PBXGroup;
			children = (
				A1B20567177568B4C2433E26,
				5F53603C10C0FC271FD207CF,
				C4755A9B977C198BD2B6D48B,
				255C6E2377F5C8284FE3B16F,
				A83F9C9231A8228A58FC0B29,
				2FD3271A75222B3CE3BD65E9,
				E3C16AEF0EDCE77B44320BF0,
				3A59942024DAED8A6D71F7BC,
				0426F827388372A7C74A70AD,
				D7FA91E272CD3F9C7557FAB1,
				EB63A6162B7AB28AA36B7B4A,
				F6E38482AE04FDEA73402609,
				DD8F4C5B3923CA513300409A,
				097AE1CD55DEBF0059AF2C0D,
				AECB799DEB68FBA0964B6E60,
				1C7D2D21B4601D00AE470D39,
				507F51D3C918F9F07725AEB7,
				F272361630AD830529D32245,
				AF33616DA03C90538832BC7A,
				B52628F1757C0195BC112F5F,
			);
			name = "JUCE Library Code";
			sourceTree = "<group>";
		};
		457735F122A253C03D688058 /* Resources */ = {
			isa = PBXGroup;
			children = (
				FFD1C380E4AFE64C3D930789,
				3746632DD5A57BE3D7A14E5B,
				16BEA945D70EEBEE0D8A1173,
			);
			name = Resources;
			sourceTree = "<group>";
		};
		A91C4C4ABA11630AE2A640B1 /* Products */ = {
			isa = PBXGroup;
			children = (
				1091A19307223DD7CFB0B3B9,
				8DB5F4BBDD66E73FE3DA47C8,
				D2BF49924F5FC5701CD50669,
			);
			name = Products;
			sourceTree = "<group>";
		};
		ED9937570800C4AF3EF04D19 /* Space Crusher */ = {
			isa = PBXGroup;
			children = (
				41527228C38D9EEB4ED1B41D,
			);
			name = "Space Crusher";
			sourceTree = "<group>";
		};
		F5625F6F94C3BD6E3057143C /* Frameworks */ = {
			isa = PBXGroup;
			children = (
				8920A6459249954CB562AB54,
				F916FBF06AE67FF7EFB6D57D,
				F5C1103349921869C41F0259,
				CE4BAB672C1C57479E079890,
				5ED2F574F47EDDAFEA68D160,
				15839C24BAAB243FEBC2C8B1,
				3B3ACAA8925631B634F22337,
				BA5226E00D245851C03F26EC,
				23CBEC453C6604D811D16C28,
				415ACB5C297B64E609517B06,
				BEE0F5F36E0E1A30199D621A,
				C074F689D324E06DA0D2EAAB,
				0D722018C13BF666FC15EAE8,
				4ED3C24336D5398853075960,
			);
			name = Frameworks;
			sourceTree = "<group>";
		};
/* End PBXGroup section */

/* Begin PBXNativeTarget section */
		17D71DDF495A91AA72A49353 /* Space Crusher - AU */ = {
			isa = PBXNativeTarget;
			buildConfigurationList = CCDA1B5B3DF89B905619B529;
			buildPhases = (
				EED63BEB8F21ADF59525CCCC,
				68D4ED1A0FDD2743A5A52CAF,
				71C605B4ADD2AF9FF478BE50,
				EC647640CA0F27DD5CD8EE49,
			);
			buildRules = (
			);
			dependencies = (
				671C9644B94854874B89743E,
			);
			name = "Space Crusher - AU";
			productName = "Space Crusher";
			productReference = 1091A19307223DD7CFB0B3B9;
			productType = "com.apple.product-type.bundle";
		};
		4605CA40A8DB200E214584A1 /* Space Crusher - AUv3 AppExtension */ = {
			isa = PBXNativeTarget;
			buildConfigurationList = 7594A8834C191CE73E286156;
			buildPhases = (
				2F02FB62C7A772BE342B29BB,
				79522540F0513CF6EB7D05DE,
				87D26FBD2447D904C1470444,
			);
			buildRules = (
			);
			dependencies = (
				7B2D3D58DBD76FC240B49140,
			);
			name = "Space Crusher - AUv3 AppExtension";
			productName = "Space Crusher";
			productReference = 8DB5F4BBDD66E73FE3DA47C8;
			productType = "com.apple.product-type.app-extension";
		};
		DB24473CB25DDF28E6EB0A80 /* Space Crusher - Shared Code */ = {
			isa = PBXNativeTarget;
			buildConfigurationList = 772A386B924445A7954FAA55;
			buildPhases = (
				F462E3389CE1AD240B7B27ED,
			);
			buildRules = (
			);
			dependencies = (
			);
			name = "Space Crusher - Shared Code";
			productName = "Space Crusher";
			productReference = D2BF49924F5FC5701CD50669;
			productType = "com.apple.product-type.library.static";
		};
/* End PBXNativeTarget section */

/* Begin PBXProject section */
		26BFE82D02263A337F07DDEB = {
			isa = PBXProject;
			attributes = {
				LastUpgradeCheck = 1320;
				ORGANIZATIONNAME = "Jawnly Labs";
				TargetAttributes = {
					17D71DDF495A91AA72A49353 = {
						SystemCapabilities = {
							com.apple.ApplicationGroups.iOS = {
								enabled = 0;
							};
							com.apple.HardenedRuntime = {
								enabled = 0;
							};
							com.apple.InAppPurchase = {
								enabled = 0;
							};
							com.apple.InterAppAudio = {
								enabled = 0;
							};
							com.apple.Push = {
								enabled = 0;
							};
							com.apple.Sandbox = {
								enabled = 0;
							};
						};
					};
					4605CA40A8DB200E214584A1 = {
						SystemCapabilities = {
							com.apple.ApplicationGroups.iOS = {
								enabled = 0;
							};
							com.apple.HardenedRuntime = {
								enabled = 0;
							};
							com.apple.InAppPurchase = {
								enabled = 0;
							};
							com.apple.InterAppAudio = {
								enabled = 0;
							};
							com.apple.Push = {
								enabled = 0;
							};
							com.apple.Sandbox = {
								enabled = 1;
							};
						};
					};
					8DA98AD88AD0341ABCA17071 = {
						SystemCapabilities = {
							com.apple.ApplicationGroups.iOS = {
								enabled = 0;
							};
							com.apple.HardenedRuntime = {
								enabled = 0;
							};
							com.apple.InAppPurchase = {
								enabled = 0;
							};
							com.apple.InterAppAudio = {
								enabled = 0;
							};
							com.apple.Push = {
								enabled = 0;
							};
							com.apple.Sandbox = {
								enabled = 0;
							};
						};
					};
					DB24473CB25DDF28E6EB0A80 = {
						SystemCapabilities = {
							com.apple.ApplicationGroups.iOS = {
								enabled = 0;
							};
							com.apple.HardenedRuntime = {
								enabled = 0;
							};
							com.apple.InAppPurchase = {
								enabled = 0;
							};
							com.apple.InterAppAudio = {
								enabled = 0;
							};
							com.apple.Push = {
								enabled = 0;
							};
							com.apple.Sandbox = {
								enabled = 0;
							};
						};
					};
				};
			};
			buildConfigurationList = 63BC18BC7F457B442E37B7A8;
			compatibilityVersion = "Xcode 3.2";
			hasScannedForEncodings = 0;
			knownRegions = (
				en,
				Base,
			);
			mainGroup = 0C97085AEE369C7E922E1C64;
			projectDirPath = "";
			projectRoot = "";
			targets = (
				8DA98AD88AD0341ABCA17071,
				17D71DDF495A91AA72A49353,
				4605CA40A8DB200E214584A1,
				DB24473CB25DDF28E6EB0A80,
			);
		};
/* End PBXProject section */

/* Begin PBXResourcesBuildPhase section */
		2F02FB62C7A772BE342B29BB = {
			isa = PBXResourcesBuildPhase;
			buildActionMask = 2147483647;
			files = (
				D50C31824BF32954DFFC371B,
			);
			runOnlyForDeploymentPostprocessing = 0;
		};
		EED63BEB8F21ADF59525CCCC = {
			isa = PBXResourcesBuildPhase;
			buildActionMask = 2147483647;
			files = (
				D50C31824BF32954DFFC371B,
			);
			runOnlyForDeploymentPostprocessing = 0;
		};
/* End PBXResourcesBuildPhase section */

/* Begin PBXRezBuildPhase section */
		68D4ED1A0FDD2743A5A52CAF = {
			isa = PBXRezBuildPhase;
			buildActionMask = 2147483647;
			files = (
				486AE4338732D56E87E8031D,
			);
			runOnlyForDeploymentPostprocessing = 0;
		};
/* End PBXRezBuildPhase section */

/* Begin PBXSourcesBuildPhase section */
		71C605B4ADD2AF9FF478BE50 = {
			isa = PBXSourcesBuildPhase;
			buildActionMask = 2147483647;
			files = (
				3C9B382A52A9B6D1E5D5CD18,
				401C635E4C7A6C02485CFA08,
			);
			runOnlyForDeploymentPostprocessing = 0;
		};
		79522540F0513CF6EB7D05DE = {
			isa = PBXSourcesBuildPhase;
			buildActionMask = 2147483647;
			files = (
				83D660A9DF7E67973D7545F5,
			);
			runOnlyForDeploymentPostprocessing = 0;
		};
		F462E3389CE1AD240B7B27ED = {
			isa = PBXSourcesBuildPhase;
			buildActionMask = 2147483647;
			files = (
				B97D3F8CAAB43E87AB563336,
				E97E70CBF4D155D82E1B2EC8,
				6192F34CDCDA01D632F7907D,
				5947ED805014D9E7FE40E4FE,
				8E3AC201C7021DE7088155CF,
				8B2E840ADEE85369D11DEE27,
				9DCCB3B714B2481760096C6D,
				6077D901EAA2AF6F42C06108,
				C16F670DA7227DB6FC332A10,
				C43219D5FE0A2F0A4F277E26,
				E8A3B283EB9FD00E33C63254,
				D5C910525BD8856DA339C53D,
				CB9A341EA2A5510EB069E018,
				C42CD3B9B2B035EB47905ADC,
				901793633006424AE0B6E2B0,
				61C94B25DC4D05D7BEBB2A6F,
				7CE85052DEB2ACAA59FAC2AD,
				4E612DF5B955ED760BE69B04,
				E6617801A629C8A0722EAB09,
				D8CCB7CCC2C2DECF327429EB,
				0BC5999DCFF953BADCF0F7A5,
			);
			runOnlyForDeploymentPostprocessing = 0;
		};
/* End PBXSourcesBuildPhase section */

/* Begin PBXTargetDependency section */
		3E3F36F83F71A7B07E8D8B18 = {
			isa = PBXTargetDependency;
			target = 4605CA40A8DB200E214584A1;
		};
		671C9644B94854874B89743E = {
			isa = PBXTargetDependency;
			target = DB24473CB25DDF28E6EB0A80;
		};
		7B2D3D58DBD76FC240B49140 = {
			isa = PBXTargetDependency;
			target = DB24473CB25DDF28E6EB0A80;
		};
		9D7FA0BED0DDF5E72E6D59F9 = {
			isa = PBXTargetDependency;
			target = 17D71DDF495A91AA72A49353;
		};
		ED80E610489B15F27FBE2C3C = {
			isa = PBXTargetDependency;
			target = DB24473CB25DDF28E6EB0A80;
		};
/* End PBXTargetDependency section */

/* Begin XCBuildConfiguration section */
		0F18F6E6B72EC5CD98C8DED7 /* Release */ = {
			isa = XCBuildConfiguration;
			buildSettings = {
				CLANG_CXX_LANGUAGE_STANDARD = "c++14";
				CLANG_CXX_LIBRARY = "libc++";
				CLANG_LINK_OBJC_RUNTIME = NO;
				CODE_SIGN_IDENTITY = "";
				COMBINE_HIDPI_IMAGES = YES;
				CONFIGURATION_BUILD_DIR = "$(PROJECT_DIR)/build/$(CONFIGURATION)";
				DEAD_CODE_STRIPPING = YES;
				DEPLOYMENT_LOCATION = YES;
				DSTROOT = /;
				EXCLUDED_ARCHS = "";
				GCC_GENERATE_DEBUGGING_SYMBOLS = NO;
				GCC_OPTIMIZATION_LEVEL = 3;
				GCC_PREPROCESSOR_DEFINITIONS = (
					"_NDEBUG=1",
					"NDEBUG=1",
					"JUCE_DISPLAY_SPLASH_SCREEN=1",
					"JUCE_USE_DARK_SPLASH_SCREEN=1",
					"JUCE_PROJUCER_VERSION=0x60106",
					"JUCE_MODULE_AVAILABLE_juce_audio_basics=1",
					"JUCE_MODULE_AVAILABLE_juce_audio_devices=1",
					"JUCE_MODULE_AVAILABLE_juce_audio_formats=1",
					"JUCE_MODULE_AVAILABLE_juce_audio_plugin_client=1",
					"JUCE_MODULE_AVAILABLE_juce_audio_processors=1",
					"JUCE_MODULE_AVAILABLE_juce_audio_utils=1",
					"JUCE_MODULE_AVAILABLE_juce_core=1",
					"JUCE_MODULE_AVAILABLE_juce_data_structures=1",
					"JUCE_MODULE_AVAILABLE_juce_dsp=1",
					"JUCE_MODULE_AVAILABLE_juce_events=1",
					"JUCE_MODULE_AVAILABLE_juce_graphics=1",
					"JUCE_MODULE_AVAILABLE_juce_gui_basics=1",
					"JUCE_MODULE_AVAILABLE_juce_gui_extra=1",
					"JUCE_GLOBAL_MODULE_SETTINGS_INCLUDED=1",
					"JUCE_VST3_CAN_REPLACE_VST2=0",
					"JUCE_STRICT_REFCOUNTEDPOINTER=1",
					"JucePlugin_Build_VST=0",
					"JucePlugin_Build_VST3=0",
					"JucePlugin_Build_AU=1",
					"JucePlugin_Build_AUv3=0",
					"JucePlugin_Build_RTAS=0",
					"JucePlugin_Build_AAX=0",
					"JucePlugin_Build_Standalone=0",
					"JucePlugin_Build_Unity=0",
					"JucePlugin_Enable_IAA=0",
					"JucePlugin_Name=\\\"Space\\ Crusher\\\"",
					"JucePlugin_Desc=\\\"Space\\ Crusher\\\"",
					"JucePlugin_Manufacturer=\\\"Jawnly\\ Labs\\\"",
					"JucePlugin_ManufacturerWebsite=\\\"\\\"",
					"JucePlugin_ManufacturerEmail=\\\"\\\"",
					"JucePlugin_ManufacturerCode=0x4d616e75",
					"JucePlugin_PluginCode=0x457a3436",
					"JucePlugin_IsSynth=0",
					"JucePlugin_WantsMidiInput=0",
					"JucePlugin_ProducesMidiOutput=0",
					"JucePlugin_IsMidiEffect=0",
					"JucePlugin_EditorRequiresKeyboardFocus=0",
					"JucePlugin_Version=1.0.0",
					"JucePlugin_VersionCode=0x10000",
					"JucePlugin_VersionString=\\\"1.0.0\\\"",
					"JucePlugin_VSTUniqueID=JucePlugin_PluginCode",
					"JucePlugin_VSTCategory=kPlugCategEffect",
					"JucePlugin_Vst3Category=\\\"Fx\\\"",
					"JucePlugin_AUMainType=\\'aufx\\'",
					"JucePlugin_AUSubType=JucePlugin_PluginCode",
					"JucePlugin_AUExportPrefix=SpaceCrusherAU",
					"JucePlugin_AUExportPrefixQuoted=\\\"SpaceCrusherAU\\\"",
					"JucePlugin_AUManufacturerCode=JucePlugin_ManufacturerCode",
					"JucePlugin_CFBundleIdentifier=com.JawnlyLabs.SpaceCrusher",
					"JucePlugin_RTASCategory=0",
					"JucePlugin_RTASManufacturerCode=JucePlugin_ManufacturerCode",
					"JucePlugin_RTASProductId=JucePlugin_PluginCode",
					"JucePlugin_RTASDisableBypass=0",
					"JucePlugin_RTASDisableMultiMono=0",
					"JucePlugin_AAXIdentifier=com.JawnlyLabs.SpaceCrusher",
					"JucePlugin_AAXManufacturerCode=JucePlugin_ManufacturerCode",
					"JucePlugin_AAXProductId=JucePlugin_PluginCode",
					"JucePlugin_AAXCategory=0",
					"JucePlugin_AAXDisableBypass=0",
					"JucePlugin_AAXDisableMultiMono=0",
					"JucePlugin_IAAType=0x61757278",
					"JucePlugin_IAASubType=JucePlugin_PluginCode",
					"JucePlugin_IAAName=\\\"Jawnly\\ Labs:\\ Space\\ Crusher\\\"",
					"JucePlugin_VSTNumMidiInputs=16",
					"JucePlugin_VSTNumMidiOutputs=16",
					"JUCE_STANDALONE_APPLICATION=JucePlugin_Build_Standalone",
					"JUCER_XCODE_MAC_F6D2F4CF=1",
					"JUCE_APP_VERSION=1.0.0",
					"JUCE_APP_VERSION_HEX=0x10000",
				);
				GCC_VERSION = com.apple.compilers.llvm.clang.1_0;
				GENERATE_PKGINFO_FILE = YES;
				HEADER_SEARCH_PATHS = (
					"$(SRCROOT)/../../JuceLibraryCode",
					"$(HOME)/JUCE/modules",
					"$(HOME)/JUCE/modules/juce_audio_plugin_client",
					"$(inherited)",
				);
				INFOPLIST_FILE = Info-AU.plist;
				INFOPLIST_PREPROCESS = NO;
				INSTALL_PATH = "$(HOME)/Library/Audio/Plug-Ins/Components/";
				LIBRARY_STYLE = Bundle;
				LLVM_LTO = YES;
				MACOSX_DEPLOYMENT_TARGET = 10.11;
				MTL_HEADER_SEARCH_PATHS = "$(SRCROOT)/../../JuceLibraryCode $(HOME)/JUCE/modules $(HOME)/JUCE/modules/juce_audio_plugin_client";
				OTHER_LDFLAGS = "-bundle -lSpace\\ Crusher";
				OTHER_REZFLAGS = "-d ppc_$ppc -d i386_$i386 -d ppc64_$ppc64 -d x86_64_$x86_64 -d arm64_$arm64 -I /System/Library/Frameworks/CoreServices.framework/Frameworks/CarbonCore.framework/Versions/A/Headers -I \"$(DEVELOPER_DIR)/Extras/CoreAudio/AudioUnits/AUPublic/AUBase\" -I \"$(DEVELOPER_DIR)/Platforms/MacOSX.platform/Developer/SDKs/MacOSX.sdk/System/Library/Frameworks/AudioUnit.framework/Headers\"";
				PRODUCT_BUNDLE_IDENTIFIER = com.JawnlyLabs.SpaceCrusher;
				PRODUCT_NAME = "Space Crusher";
				USE_HEADERMAP = NO;
				VALID_ARCHS = "i386 x86_64 arm64 arm64e";
				WRAPPER_EXTENSION = component;
			};
			name = Release;
		};
		2322E45AC69E6C412FB78BF6 /* Debug */ = {
			isa = XCBuildConfiguration;
			buildSettings = {
				MACOSX_DEPLOYMENT_TARGET = 10.11;
				SDKROOT = macosx;
			};
			name = Debug;
		};
		389C022C28DBF7F9124B0BB1 /* Release */ = {
			isa = XCBuildConfiguration;
			buildSettings = {
				ALWAYS_SEARCH_USER_PATHS = NO;
				CLANG_ENABLE_OBJC_WEAK = YES;
				CLANG_WARN_BLOCK_CAPTURE_AUTORELEASING = YES;
				CLANG_WARN_BOOL_CONVERSION = YES;
				CLANG_WARN_COMMA = YES;
				CLANG_WARN_CONSTANT_CONVERSION = YES;
				CLANG_WARN_DEPRECATED_OBJC_IMPLEMENTATIONS = YES;
				CLANG_WARN_EMPTY_BODY = YES;
				CLANG_WARN_ENUM_CONVERSION = YES;
				CLANG_WARN_INFINITE_RECURSION = YES;
				CLANG_WARN_INT_CONVERSION = YES;
				CLANG_WARN_NON_LITERAL_NULL_CONVERSION = YES;
				CLANG_WARN_OBJC_IMPLICIT_RETAIN_SELF = YES;
				CLANG_WARN_OBJC_LITERAL_CONVERSION = YES;
				CLANG_WARN_RANGE_LOOP_ANALYSIS = YES;
				CLANG_WARN_STRICT_PROTOTYPES = YES;
				CLANG_WARN_SUSPICIOUS_MOVE = YES;
				CLANG_WARN_UNREACHABLE_CODE = YES;
				CLANG_WARN__DUPLICATE_METHOD_MATCH = YES;
				CODE_SIGN_IDENTITY = "";
				DEBUG_INFORMATION_FORMAT = dwarf;
				ENABLE_STRICT_OBJC_MSGSEND = YES;
				ENABLE_TESTABILITY = NO;
				GCC_C_LANGUAGE_STANDARD = c11;
				GCC_INLINES_ARE_PRIVATE_EXTERN = YES;
				GCC_MODEL_TUNING = G5;
				GCC_NO_COMMON_BLOCKS = YES;
				GCC_SYMBOLS_PRIVATE_EXTERN = YES;
				GCC_WARN_64_TO_32_BIT_CONVERSION = YES;
				GCC_WARN_ABOUT_RETURN_TYPE = YES;
				GCC_WARN_CHECK_SWITCH_STATEMENTS = YES;
				GCC_WARN_MISSING_PARENTHESES = YES;
				GCC_WARN_NON_VIRTUAL_DESTRUCTOR = YES;
				GCC_WARN_TYPECHECK_CALLS_TO_PRINTF = YES;
				GCC_WARN_UNDECLARED_SELECTOR = YES;
				GCC_WARN_UNINITIALIZED_AUTOS = YES;
				GCC_WARN_UNUSED_FUNCTION = YES;
				GCC_WARN_UNUSED_VARIABLE = YES;
				PRODUCT_NAME = "Space Crusher";
				SDKROOT = macosx;
				WARNING_CFLAGS = "-Wreorder";
				ZERO_LINK = NO;
			};
			name = Release;
		};
		5B30CB38768C251FCEFBC68F /* Release */ = {
			isa = XCBuildConfiguration;
			buildSettings = {
				CLANG_CXX_LANGUAGE_STANDARD = "c++14";
				CLANG_CXX_LIBRARY = "libc++";
				CLANG_LINK_OBJC_RUNTIME = NO;
				CODE_SIGN_IDENTITY = "";
				COMBINE_HIDPI_IMAGES = YES;
				CONFIGURATION_BUILD_DIR = "$(PROJECT_DIR)/build/$(CONFIGURATION)";
				DEAD_CODE_STRIPPING = YES;
				EXCLUDED_ARCHS = "";
				GCC_GENERATE_DEBUGGING_SYMBOLS = NO;
				GCC_OPTIMIZATION_LEVEL = 3;
				GCC_PREPROCESSOR_DEFINITIONS = (
					"_NDEBUG=1",
					"NDEBUG=1",
					"JUCE_DISPLAY_SPLASH_SCREEN=1",
					"JUCE_USE_DARK_SPLASH_SCREEN=1",
					"JUCE_PROJUCER_VERSION=0x60106",
					"JUCE_MODULE_AVAILABLE_juce_audio_basics=1",
					"JUCE_MODULE_AVAILABLE_juce_audio_devices=1",
					"JUCE_MODULE_AVAILABLE_juce_audio_formats=1",
					"JUCE_MODULE_AVAILABLE_juce_audio_plugin_client=1",
					"JUCE_MODULE_AVAILABLE_juce_audio_processors=1",
					"JUCE_MODULE_AVAILABLE_juce_audio_utils=1",
					"JUCE_MODULE_AVAILABLE_juce_core=1",
					"JUCE_MODULE_AVAILABLE_juce_data_structures=1",
					"JUCE_MODULE_AVAILABLE_juce_dsp=1",
					"JUCE_MODULE_AVAILABLE_juce_events=1",
					"JUCE_MODULE_AVAILABLE_juce_graphics=1",
					"JUCE_MODULE_AVAILABLE_juce_gui_basics=1",
					"JUCE_MODULE_AVAILABLE_juce_gui_extra=1",
					"JUCE_GLOBAL_MODULE_SETTINGS_INCLUDED=1",
					"JUCE_VST3_CAN_REPLACE_VST2=0",
					"JUCE_STRICT_REFCOUNTEDPOINTER=1",
					"JucePlugin_Build_VST=0",
					"JucePlugin_Build_VST3=0",
					"JucePlugin_Build_AU=1",
					"JucePlugin_Build_AUv3=1",
					"JucePlugin_Build_RTAS=0",
					"JucePlugin_Build_AAX=0",
					"JucePlugin_Build_Standalone=0",
					"JucePlugin_Build_Unity=0",
					"JucePlugin_Enable_IAA=0",
					"JucePlugin_Name=\\\"Space\\ Crusher\\\"",
					"JucePlugin_Desc=\\\"Space\\ Crusher\\\"",
					"JucePlugin_Manufacturer=\\\"Jawnly\\ Labs\\\"",
					"JucePlugin_ManufacturerWebsite=\\\"\\\"",
					"JucePlugin_ManufacturerEmail=\\\"\\\"",
					"JucePlugin_ManufacturerCode=0x4d616e75",
					"JucePlugin_PluginCode=0x457a3436",
					"JucePlugin_IsSynth=0",
					"JucePlugin_WantsMidiInput=0",
					"JucePlugin_ProducesMidiOutput=0",
					"JucePlugin_IsMidiEffect=0",
					"JucePlugin_EditorRequiresKeyboardFocus=0",
					"JucePlugin_Version=1.0.0",
					"JucePlugin_VersionCode=0x10000",
					"JucePlugin_VersionString=\\\"1.0.0\\\"",
					"JucePlugin_VSTUniqueID=JucePlugin_PluginCode",
					"JucePlugin_VSTCategory=kPlugCategEffect",
					"JucePlugin_Vst3Category=\\\"Fx\\\"",
					"JucePlugin_AUMainType=\\'aufx\\'",
					"JucePlugin_AUSubType=JucePlugin_PluginCode",
					"JucePlugin_AUExportPrefix=SpaceCrusherAU",
					"JucePlugin_AUExportPrefixQuoted=\\\"SpaceCrusherAU\\\"",
					"JucePlugin_AUManufacturerCode=JucePlugin_ManufacturerCode",
					"JucePlugin_CFBundleIdentifier=com.JawnlyLabs.SpaceCrusher",
					"JucePlugin_RTASCategory=0",
					"JucePlugin_RTASManufacturerCode=JucePlugin_ManufacturerCode",
					"JucePlugin_RTASProductId=JucePlugin_PluginCode",
					"JucePlugin_RTASDisableBypass=0",
					"JucePlugin_RTASDisableMultiMono=0",
					"JucePlugin_AAXIdentifier=com.JawnlyLabs.SpaceCrusher",
					"JucePlugin_AAXManufacturerCode=JucePlugin_ManufacturerCode",
					"JucePlugin_AAXProductId=JucePlugin_PluginCode",
					"JucePlugin_AAXCategory=0",
					"JucePlugin_AAXDisableBypass=0",
					"JucePlugin_AAXDisableMultiMono=0",
					"JucePlugin_IAAType=0x61757278",
					"JucePlugin_IAASubType=JucePlugin_PluginCode",
					"JucePlugin_IAAName=\\\"Jawnly\\ Labs:\\ Space\\ Crusher\\\"",
					"JucePlugin_VSTNumMidiInputs=16",
					"JucePlugin_VSTNumMidiOutputs=16",
					"JUCE_STANDALONE_APPLICATION=JucePlugin_Build_Standalone",
					"JUCER_XCODE_MAC_F6D2F4CF=1",
					"JUCE_APP_VERSION=1.0.0",
					"JUCE_APP_VERSION_HEX=0x10000",
					"JUCE_SHARED_CODE=1",
				);
				GCC_VERSION = com.apple.compilers.llvm.clang.1_0;
				HEADER_SEARCH_PATHS = (
					"$(SRCROOT)/../../JuceLibraryCode",
					"$(HOME)/JUCE/modules",
					"$(HOME)/JUCE/modules/juce_audio_plugin_client",
					"$(inherited)",
				);
				INSTALL_PATH = "@executable_path/../Frameworks";
				LLVM_LTO = YES;
				MACOSX_DEPLOYMENT_TARGET = 10.11;
				MTL_HEADER_SEARCH_PATHS = "$(SRCROOT)/../../JuceLibraryCode $(HOME)/JUCE/modules $(HOME)/JUCE/modules/juce_audio_plugin_client";
				PRODUCT_BUNDLE_IDENTIFIER = com.JawnlyLabs.SpaceCrusher;
				PRODUCT_NAME = "Space Crusher";
				SKIP_INSTALL = YES;
				USE_HEADERMAP = NO;
				VALID_ARCHS = "i386 x86_64 arm64 arm64e";
			};
			name = Release;
		};
		635ED7F2D607E1035F89F604 /* Debug */ = {
			isa = XCBuildConfiguration;
			buildSettings = {
				ARCHS = "$(ARCHS_STANDARD_64_BIT)";
				CLANG_CXX_LANGUAGE_STANDARD = "c++14";
				CLANG_CXX_LIBRARY = "libc++";
				CLANG_LINK_OBJC_RUNTIME = NO;
				CODE_SIGN_ENTITLEMENTS = "AUv3_AppExtension.entitlements";
				CODE_SIGN_IDENTITY = "";
				COMBINE_HIDPI_IMAGES = YES;
				CONFIGURATION_BUILD_DIR = "$(PROJECT_DIR)/build/$(CONFIGURATION)";
				COPY_PHASE_STRIP = NO;
				EXCLUDED_ARCHS = "";
				GCC_DYNAMIC_NO_PIC = NO;
				GCC_OPTIMIZATION_LEVEL = 0;
				GCC_PREPROCESSOR_DEFINITIONS = (
					"_DEBUG=1",
					"DEBUG=1",
					"JUCE_DISPLAY_SPLASH_SCREEN=1",
					"JUCE_USE_DARK_SPLASH_SCREEN=1",
					"JUCE_PROJUCER_VERSION=0x60106",
					"JUCE_MODULE_AVAILABLE_juce_audio_basics=1",
					"JUCE_MODULE_AVAILABLE_juce_audio_devices=1",
					"JUCE_MODULE_AVAILABLE_juce_audio_formats=1",
					"JUCE_MODULE_AVAILABLE_juce_audio_plugin_client=1",
					"JUCE_MODULE_AVAILABLE_juce_audio_processors=1",
					"JUCE_MODULE_AVAILABLE_juce_audio_utils=1",
					"JUCE_MODULE_AVAILABLE_juce_core=1",
					"JUCE_MODULE_AVAILABLE_juce_data_structures=1",
					"JUCE_MODULE_AVAILABLE_juce_dsp=1",
					"JUCE_MODULE_AVAILABLE_juce_events=1",
					"JUCE_MODULE_AVAILABLE_juce_graphics=1",
					"JUCE_MODULE_AVAILABLE_juce_gui_basics=1",
					"JUCE_MODULE_AVAILABLE_juce_gui_extra=1",
					"JUCE_GLOBAL_MODULE_SETTINGS_INCLUDED=1",
					"JUCE_VST3_CAN_REPLACE_VST2=0",
					"JUCE_STRICT_REFCOUNTEDPOINTER=1",
					"JucePlugin_Build_VST=0",
					"JucePlugin_Build_VST3=0",
					"JucePlugin_Build_AU=0",
					"JucePlugin_Build_AUv3=1",
					"JucePlugin_Build_RTAS=0",
					"JucePlugin_Build_AAX=0",
					"JucePlugin_Build_Standalone=0",
					"JucePlugin_Build_Unity=0",
					"JucePlugin_Enable_IAA=0",
					"JucePlugin_Name=\\\"Space\\ Crusher\\\"",
					"JucePlugin_Desc=\\\"Space\\ Crusher\\\"",
					"JucePlugin_Manufacturer=\\\"Jawnly\\ Labs\\\"",
					"JucePlugin_ManufacturerWebsite=\\\"\\\"",
					"JucePlugin_ManufacturerEmail=\\\"\\\"",
					"JucePlugin_ManufacturerCode=0x4d616e75",
					"JucePlugin_PluginCode=0x457a3436",
					"JucePlugin_IsSynth=0",
					"JucePlugin_WantsMidiInput=0",
					"JucePlugin_ProducesMidiOutput=0",
					"JucePlugin_IsMidiEffect=0",
					"JucePlugin_EditorRequiresKeyboardFocus=0",
					"JucePlugin_Version=1.0.0",
					"JucePlugin_VersionCode=0x10000",
					"JucePlugin_VersionString=\\\"1.0.0\\\"",
					"JucePlugin_VSTUniqueID=JucePlugin_PluginCode",
					"JucePlugin_VSTCategory=kPlugCategEffect",
					"JucePlugin_Vst3Category=\\\"Fx\\\"",
					"JucePlugin_AUMainType=\\'aufx\\'",
					"JucePlugin_AUSubType=JucePlugin_PluginCode",
					"JucePlugin_AUExportPrefix=SpaceCrusherAU",
					"JucePlugin_AUExportPrefixQuoted=\\\"SpaceCrusherAU\\\"",
					"JucePlugin_AUManufacturerCode=JucePlugin_ManufacturerCode",
					"JucePlugin_CFBundleIdentifier=com.JawnlyLabs.SpaceCrusher",
					"JucePlugin_RTASCategory=0",
					"JucePlugin_RTASManufacturerCode=JucePlugin_ManufacturerCode",
					"JucePlugin_RTASProductId=JucePlugin_PluginCode",
					"JucePlugin_RTASDisableBypass=0",
					"JucePlugin_RTASDisableMultiMono=0",
					"JucePlugin_AAXIdentifier=com.JawnlyLabs.SpaceCrusher",
					"JucePlugin_AAXManufacturerCode=JucePlugin_ManufacturerCode",
					"JucePlugin_AAXProductId=JucePlugin_PluginCode",
					"JucePlugin_AAXCategory=0",
					"JucePlugin_AAXDisableBypass=0",
					"JucePlugin_AAXDisableMultiMono=0",
					"JucePlugin_IAAType=0x61757278",
					"JucePlugin_IAASubType=JucePlugin_PluginCode",
					"JucePlugin_IAAName=\\\"Jawnly\\ Labs:\\ Space\\ Crusher\\\"",
					"JucePlugin_VSTNumMidiInputs=16",
					"JucePlugin_VSTNumMidiOutputs=16",
					"JUCE_STANDALONE_APPLICATION=JucePlugin_Build_Standalone",
					"JUCER_XCODE_MAC_F6D2F4CF=1",
					"JUCE_APP_VERSION=1.0.0",
					"JUCE_APP_VERSION_HEX=0x10000",
				);
				GCC_VERSION = com.apple.compilers.llvm.clang.1_0;
				HEADER_SEARCH_PATHS = (
					"$(SRCROOT)/../../JuceLibraryCode",
					"$(HOME)/JUCE/modules",
					"$(HOME)/JUCE/modules/juce_audio_plugin_client",
					"$(inherited)",
				);
				INFOPLIST_FILE = Info-AUv3_AppExtension.plist;
				INFOPLIST_PREPROCESS = NO;
				MACOSX_DEPLOYMENT_TARGET = 10.11;
				MTL_HEADER_SEARCH_PATHS = "$(SRCROOT)/../../JuceLibraryCode $(HOME)/JUCE/modules $(HOME)/JUCE/modules/juce_audio_plugin_client";
				OTHER_LDFLAGS = "-lSpace\\ Crusher";
				PRODUCT_BUNDLE_IDENTIFIER = com.JawnlyLabs.SpaceCrusher.SpaceCrusherAUv3;
				PRODUCT_NAME = "Space Crusher";
				USE_HEADERMAP = NO;
				VALID_ARCHS = "i386 x86_64 arm64 arm64e";
			};
			name = Debug;
		};
		7DC4AA9DF6C9287220DE4109 /* Debug */ = {
			isa = XCBuildConfiguration;
			buildSettings = {
				CLANG_CXX_LANGUAGE_STANDARD = "c++14";
				CLANG_CXX_LIBRARY = "libc++";
				CLANG_LINK_OBJC_RUNTIME = NO;
				CODE_SIGN_IDENTITY = "";
				COMBINE_HIDPI_IMAGES = YES;
				CONFIGURATION_BUILD_DIR = "$(PROJECT_DIR)/build/$(CONFIGURATION)";
				COPY_PHASE_STRIP = NO;
				DEPLOYMENT_LOCATION = YES;
				DSTROOT = /;
				EXCLUDED_ARCHS = "";
				GCC_DYNAMIC_NO_PIC = NO;
				GCC_OPTIMIZATION_LEVEL = 0;
				GCC_PREPROCESSOR_DEFINITIONS = (
					"_DEBUG=1",
					"DEBUG=1",
					"JUCE_DISPLAY_SPLASH_SCREEN=1",
					"JUCE_USE_DARK_SPLASH_SCREEN=1",
					"JUCE_PROJUCER_VERSION=0x60106",
					"JUCE_MODULE_AVAILABLE_juce_audio_basics=1",
					"JUCE_MODULE_AVAILABLE_juce_audio_devices=1",
					"JUCE_MODULE_AVAILABLE_juce_audio_formats=1",
					"JUCE_MODULE_AVAILABLE_juce_audio_plugin_client=1",
					"JUCE_MODULE_AVAILABLE_juce_audio_processors=1",
					"JUCE_MODULE_AVAILABLE_juce_audio_utils=1",
					"JUCE_MODULE_AVAILABLE_juce_core=1",
					"JUCE_MODULE_AVAILABLE_juce_data_structures=1",
					"JUCE_MODULE_AVAILABLE_juce_dsp=1",
					"JUCE_MODULE_AVAILABLE_juce_events=1",
					"JUCE_MODULE_AVAILABLE_juce_graphics=1",
					"JUCE_MODULE_AVAILABLE_juce_gui_basics=1",
					"JUCE_MODULE_AVAILABLE_juce_gui_extra=1",
					"JUCE_GLOBAL_MODULE_SETTINGS_INCLUDED=1",
					"JUCE_VST3_CAN_REPLACE_VST2=0",
					"JUCE_STRICT_REFCOUNTEDPOINTER=1",
					"JucePlugin_Build_VST=0",
					"JucePlugin_Build_VST3=0",
					"JucePlugin_Build_AU=1",
					"JucePlugin_Build_AUv3=0",
					"JucePlugin_Build_RTAS=0",
					"JucePlugin_Build_AAX=0",
					"JucePlugin_Build_Standalone=0",
					"JucePlugin_Build_Unity=0",
					"JucePlugin_Enable_IAA=0",
					"JucePlugin_Name=\\\"Space\\ Crusher\\\"",
					"JucePlugin_Desc=\\\"Space\\ Crusher\\\"",
					"JucePlugin_Manufacturer=\\\"Jawnly\\ Labs\\\"",
					"JucePlugin_ManufacturerWebsite=\\\"\\\"",
					"JucePlugin_ManufacturerEmail=\\\"\\\"",
					"JucePlugin_ManufacturerCode=0x4d616e75",
					"JucePlugin_PluginCode=0x457a3436",
					"JucePlugin_IsSynth=0",
					"JucePlugin_WantsMidiInput=0",
					"JucePlugin_ProducesMidiOutput=0",
					"JucePlugin_IsMidiEffect=0",
					"JucePlugin_EditorRequiresKeyboardFocus=0",
					"JucePlugin_Version=1.0.0",
					"JucePlugin_VersionCode=0x10000",
					"JucePlugin_VersionString=\\\"1.0.0\\\"",
					"JucePlugin_VSTUniqueID=JucePlugin_PluginCode",
					"JucePlugin_VSTCategory=kPlugCategEffect",
					"JucePlugin_Vst3Category=\\\"Fx\\\"",
					"JucePlugin_AUMainType=\\'aufx\\'",
					"JucePlugin_AUSubType=JucePlugin_PluginCode",
					"JucePlugin_AUExportPrefix=SpaceCrusherAU",
					"JucePlugin_AUExportPrefixQuoted=\\\"SpaceCrusherAU\\\"",
					"JucePlugin_AUManufacturerCode=JucePlugin_ManufacturerCode",
					"JucePlugin_CFBundleIdentifier=com.JawnlyLabs.SpaceCrusher",
					"JucePlugin_RTASCategory=0",
					"JucePlugin_RTASManufacturerCode=JucePlugin_ManufacturerCode",
					"JucePlugin_RTASProductId=JucePlugin_PluginCode",
					"JucePlugin_RTASDisableBypass=0",
					"JucePlugin_RTASDisableMultiMono=0",
					"JucePlugin_AAXIdentifier=com.JawnlyLabs.SpaceCrusher",
					"JucePlugin_AAXManufacturerCode=JucePlugin_ManufacturerCode",
					"JucePlugin_AAXProductId=JucePlugin_PluginCode",
					"JucePlugin_AAXCategory=0",
					"JucePlugin_AAXDisableBypass=0",
					"JucePlugin_AAXDisableMultiMono=0",
					"JucePlugin_IAAType=0x61757278",
					"JucePlugin_IAASubType=JucePlugin_PluginCode",
					"JucePlugin_IAAName=\\\"Jawnly\\ Labs:\\ Space\\ Crusher\\\"",
					"JucePlugin_VSTNumMidiInputs=16",
					"JucePlugin_VSTNumMidiOutputs=16",
					"JUCE_STANDALONE_APPLICATION=JucePlugin_Build_Standalone",
					"JUCER_XCODE_MAC_F6D2F4CF=1",
					"JUCE_APP_VERSION=1.0.0",
					"JUCE_APP_VERSION_HEX=0x10000",
				);
				GCC_VERSION = com.apple.compilers.llvm.clang.1_0;
				GENERATE_PKGINFO_FILE = YES;
				HEADER_SEARCH_PATHS = (
					"$(SRCROOT)/../../JuceLibraryCode",
					"$(HOME)/JUCE/modules",
					"$(HOME)/JUCE/modules/juce_audio_plugin_client",
					"$(inherited)",
				);
				INFOPLIST_FILE = Info-AU.plist;
				INFOPLIST_PREPROCESS = NO;
				INSTALL_PATH = "$(HOME)/Library/Audio/Plug-Ins/Components/";
				LIBRARY_STYLE = Bundle;
				MACOSX_DEPLOYMENT_TARGET = 10.11;
				MTL_HEADER_SEARCH_PATHS = "$(SRCROOT)/../../JuceLibraryCode $(HOME)/JUCE/modules $(HOME)/JUCE/modules/juce_audio_plugin_client";
				OTHER_LDFLAGS = "-bundle -lSpace\\ Crusher";
				OTHER_REZFLAGS = "-d ppc_$ppc -d i386_$i386 -d ppc64_$ppc64 -d x86_64_$x86_64 -d arm64_$arm64 -I /System/Library/Frameworks/CoreServices.framework/Frameworks/CarbonCore.framework/Versions/A/Headers -I \"$(DEVELOPER_DIR)/Extras/CoreAudio/AudioUnits/AUPublic/AUBase\" -I \"$(DEVELOPER_DIR)/Platforms/MacOSX.platform/Developer/SDKs/MacOSX.sdk/System/Library/Frameworks/AudioUnit.framework/Headers\"";
				PRODUCT_BUNDLE_IDENTIFIER = com.JawnlyLabs.SpaceCrusher;
				PRODUCT_NAME = "Space Crusher";
				USE_HEADERMAP = NO;
				VALID_ARCHS = "i386 x86_64 arm64 arm64e";
				WRAPPER_EXTENSION = component;
			};
			name = Debug;
		};
		8DDB0E470D1DAD18B7897F97 /* Debug */ = {
			isa = XCBuildConfiguration;
			buildSettings = {
				ALWAYS_SEARCH_USER_PATHS = NO;
				CLANG_ENABLE_OBJC_WEAK = YES;
				CLANG_WARN_BLOCK_CAPTURE_AUTORELEASING = YES;
				CLANG_WARN_BOOL_CONVERSION = YES;
				CLANG_WARN_COMMA = YES;
				CLANG_WARN_CONSTANT_CONVERSION = YES;
				CLANG_WARN_DEPRECATED_OBJC_IMPLEMENTATIONS = YES;
				CLANG_WARN_EMPTY_BODY = YES;
				CLANG_WARN_ENUM_CONVERSION = YES;
				CLANG_WARN_INFINITE_RECURSION = YES;
				CLANG_WARN_INT_CONVERSION = YES;
				CLANG_WARN_NON_LITERAL_NULL_CONVERSION = YES;
				CLANG_WARN_OBJC_IMPLICIT_RETAIN_SELF = YES;
				CLANG_WARN_OBJC_LITERAL_CONVERSION = YES;
				CLANG_WARN_RANGE_LOOP_ANALYSIS = YES;
				CLANG_WARN_STRICT_PROTOTYPES = YES;
				CLANG_WARN_SUSPICIOUS_MOVE = YES;
				CLANG_WARN_UNREACHABLE_CODE = YES;
				CLANG_WARN__DUPLICATE_METHOD_MATCH = YES;
				CODE_SIGN_IDENTITY = "";
				DEBUG_INFORMATION_FORMAT = dwarf;
				ENABLE_STRICT_OBJC_MSGSEND = YES;
				ENABLE_TESTABILITY = NO;
				GCC_C_LANGUAGE_STANDARD = c11;
				GCC_INLINES_ARE_PRIVATE_EXTERN = YES;
				GCC_MODEL_TUNING = G5;
				GCC_NO_COMMON_BLOCKS = YES;
				GCC_SYMBOLS_PRIVATE_EXTERN = YES;
				GCC_WARN_64_TO_32_BIT_CONVERSION = YES;
				GCC_WARN_ABOUT_RETURN_TYPE = YES;
				GCC_WARN_CHECK_SWITCH_STATEMENTS = YES;
				GCC_WARN_MISSING_PARENTHESES = YES;
				GCC_WARN_NON_VIRTUAL_DESTRUCTOR = YES;
				GCC_WARN_TYPECHECK_CALLS_TO_PRINTF = YES;
				GCC_WARN_UNDECLARED_SELECTOR = YES;
				GCC_WARN_UNINITIALIZED_AUTOS = YES;
				GCC_WARN_UNUSED_FUNCTION = YES;
				GCC_WARN_UNUSED_VARIABLE = YES;
				ONLY_ACTIVE_ARCH = YES;
				PRODUCT_NAME = "Space Crusher";
				SDKROOT = macosx;
				WARNING_CFLAGS = "-Wreorder";
				ZERO_LINK = NO;
			};
			name = Debug;
		};
		A5983EBFC726A5CCBA87EB5E /* Release */ = {
			isa = XCBuildConfiguration;
			buildSettings = {
				ARCHS = "$(ARCHS_STANDARD_64_BIT)";
				CLANG_CXX_LANGUAGE_STANDARD = "c++14";
				CLANG_CXX_LIBRARY = "libc++";
				CLANG_LINK_OBJC_RUNTIME = NO;
				CODE_SIGN_ENTITLEMENTS = "AUv3_AppExtension.entitlements";
				CODE_SIGN_IDENTITY = "";
				COMBINE_HIDPI_IMAGES = YES;
				CONFIGURATION_BUILD_DIR = "$(PROJECT_DIR)/build/$(CONFIGURATION)";
				DEAD_CODE_STRIPPING = YES;
				EXCLUDED_ARCHS = "";
				GCC_GENERATE_DEBUGGING_SYMBOLS = NO;
				GCC_OPTIMIZATION_LEVEL = 3;
				GCC_PREPROCESSOR_DEFINITIONS = (
					"_NDEBUG=1",
					"NDEBUG=1",
					"JUCE_DISPLAY_SPLASH_SCREEN=1",
					"JUCE_USE_DARK_SPLASH_SCREEN=1",
					"JUCE_PROJUCER_VERSION=0x60106",
					"JUCE_MODULE_AVAILABLE_juce_audio_basics=1",
					"JUCE_MODULE_AVAILABLE_juce_audio_devices=1",
					"JUCE_MODULE_AVAILABLE_juce_audio_formats=1",
					"JUCE_MODULE_AVAILABLE_juce_audio_plugin_client=1",
					"JUCE_MODULE_AVAILABLE_juce_audio_processors=1",
					"JUCE_MODULE_AVAILABLE_juce_audio_utils=1",
					"JUCE_MODULE_AVAILABLE_juce_core=1",
					"JUCE_MODULE_AVAILABLE_juce_data_structures=1",
					"JUCE_MODULE_AVAILABLE_juce_dsp=1",
					"JUCE_MODULE_AVAILABLE_juce_events=1",
					"JUCE_MODULE_AVAILABLE_juce_graphics=1",
					"JUCE_MODULE_AVAILABLE_juce_gui_basics=1",
					"JUCE_MODULE_AVAILABLE_juce_gui_extra=1",
					"JUCE_GLOBAL_MODULE_SETTINGS_INCLUDED=1",
					"JUCE_VST3_CAN_REPLACE_VST2=0",
					"JUCE_STRICT_REFCOUNTEDPOINTER=1",
					"JucePlugin_Build_VST=0",
					"JucePlugin_Build_VST3=0",
					"JucePlugin_Build_AU=0",
					"JucePlugin_Build_AUv3=1",
					"JucePlugin_Build_RTAS=0",
					"JucePlugin_Build_AAX=0",
					"JucePlugin_Build_Standalone=0",
					"JucePlugin_Build_Unity=0",
					"JucePlugin_Enable_IAA=0",
					"JucePlugin_Name=\\\"Space\\ Crusher\\\"",
					"JucePlugin_Desc=\\\"Space\\ Crusher\\\"",
					"JucePlugin_Manufacturer=\\\"Jawnly\\ Labs\\\"",
					"JucePlugin_ManufacturerWebsite=\\\"\\\"",
					"JucePlugin_ManufacturerEmail=\\\"\\\"",
					"JucePlugin_ManufacturerCode=0x4d616e75",
					"JucePlugin_PluginCode=0x457a3436",
					"JucePlugin_IsSynth=0",
					"JucePlugin_WantsMidiInput=0",
					"JucePlugin_ProducesMidiOutput=0",
					"JucePlugin_IsMidiEffect=0",
					"JucePlugin_EditorRequiresKeyboardFocus=0",
					"JucePlugin_Version=1.0.0",
					"JucePlugin_VersionCode=0x10000",
					"JucePlugin_VersionString=\\\"1.0.0\\\"",
					"JucePlugin_VSTUniqueID=JucePlugin_PluginCode",
					"JucePlugin_VSTCategory=kPlugCategEffect",
					"JucePlugin_Vst3Category=\\\"Fx\\\"",
					"JucePlugin_AUMainType=\\'aufx\\'",
					"JucePlugin_AUSubType=JucePlugin_PluginCode",
					"JucePlugin_AUExportPrefix=SpaceCrusherAU",
					"JucePlugin_AUExportPrefixQuoted=\\\"SpaceCrusherAU\\\"",
					"JucePlugin_AUManufacturerCode=JucePlugin_ManufacturerCode",
					"JucePlugin_CFBundleIdentifier=com.JawnlyLabs.SpaceCrusher",
					"JucePlugin_RTASCategory=0",
					"JucePlugin_RTASManufacturerCode=JucePlugin_ManufacturerCode",
					"JucePlugin_RTASProductId=JucePlugin_PluginCode",
					"JucePlugin_RTASDisableBypass=0",
					"JucePlugin_RTASDisableMultiMono=0",
					"JucePlugin_AAXIdentifier=com.JawnlyLabs.SpaceCrusher",
					"JucePlugin_AAXManufacturerCode=JucePlugin_ManufacturerCode",
					"JucePlugin_AAXProductId=JucePlugin_PluginCode",
					"JucePlugin_AAXCategory=0",
					"JucePlugin_AAXDisableBypass=0",
					"JucePlugin_AAXDisableMultiMono=0",
					"JucePlugin_IAAType=0x61757278",
					"JucePlugin_IAASubType=JucePlugin_PluginCode",
					"JucePlugin_IAAName=\\\"Jawnly\\ Labs:\\ Space\\ Crusher\\\"",
					"JucePlugin_VSTNumMidiInputs=16",
					"JucePlugin_VSTNumMidiOutputs=16",
					"JUCE_STANDALONE_APPLICATION=JucePlugin_Build_Standalone",
					"JUCER_XCODE_MAC_F6D2F4CF=1",
					"JUCE_APP_VERSION=1.0.0",
					"JUCE_APP_VERSION_HEX=0x10000",
				);
				GCC_VERSION = com.apple.compilers.llvm.clang.1_0;
				HEADER_SEARCH_PATHS = (
					"$(SRCROOT)/../../JuceLibraryCode",
					"$(HOME)/JUCE/modules",
					"$(HOME)/JUCE/modules/juce_audio_plugin_client",
					"$(inherited)",
				);
				INFOPLIST_FILE = Info-AUv3_AppExtension.plist;
				INFOPLIST_PREPROCESS = NO;
				LLVM_LTO = YES;
				MACOSX_DEPLOYMENT_TARGET = 10.11;
				MTL_HEADER_SEARCH_PATHS = "$(SRCROOT)/../../JuceLibraryCode $(HOME)/JUCE/modules $(HOME)/JUCE/modules/juce_audio_plugin_client";
				OTHER_LDFLAGS = "-lSpace\\ Crusher";
				PRODUCT_BUNDLE_IDENTIFIER = com.JawnlyLabs.SpaceCrusher.SpaceCrusherAUv3;
				PRODUCT_NAME = "Space Crusher";
				USE_HEADERMAP = NO;
				VALID_ARCHS = "i386 x86_64 arm64 arm64e";
			};
			name = Release;
		};
		C32E6109083701ADA99E8DB1 /* Release */ = {
			isa = XCBuildConfiguration;
			buildSettings = {
				MACOSX_DEPLOYMENT_TARGET = 10.11;
				SDKROOT = macosx;
			};
			name = Release;
		};
		DD75DD1E1171FEE6107A8431 /* Debug */ = {
			isa = XCBuildConfiguration;
			buildSettings = {
				CLANG_CXX_LANGUAGE_STANDARD = "c++14";
				CLANG_CXX_LIBRARY = "libc++";
				CLANG_LINK_OBJC_RUNTIME = NO;
				CODE_SIGN_IDENTITY = "";
				COMBINE_HIDPI_IMAGES = YES;
				CONFIGURATION_BUILD_DIR = "$(PROJECT_DIR)/build/$(CONFIGURATION)";
				COPY_PHASE_STRIP = NO;
				EXCLUDED_ARCHS = "";
				GCC_DYNAMIC_NO_PIC = NO;
				GCC_OPTIMIZATION_LEVEL = 0;
				GCC_PREPROCESSOR_DEFINITIONS = (
					"_DEBUG=1",
					"DEBUG=1",
					"JUCE_DISPLAY_SPLASH_SCREEN=1",
					"JUCE_USE_DARK_SPLASH_SCREEN=1",
					"JUCE_PROJUCER_VERSION=0x60106",
					"JUCE_MODULE_AVAILABLE_juce_audio_basics=1",
					"JUCE_MODULE_AVAILABLE_juce_audio_devices=1",
					"JUCE_MODULE_AVAILABLE_juce_audio_formats=1",
					"JUCE_MODULE_AVAILABLE_juce_audio_plugin_client=1",
					"JUCE_MODULE_AVAILABLE_juce_audio_processors=1",
					"JUCE_MODULE_AVAILABLE_juce_audio_utils=1",
					"JUCE_MODULE_AVAILABLE_juce_core=1",
					"JUCE_MODULE_AVAILABLE_juce_data_structures=1",
					"JUCE_MODULE_AVAILABLE_juce_dsp=1",
					"JUCE_MODULE_AVAILABLE_juce_events=1",
					"JUCE_MODULE_AVAILABLE_juce_graphics=1",
					"JUCE_MODULE_AVAILABLE_juce_gui_basics=1",
					"JUCE_MODULE_AVAILABLE_juce_gui_extra=1",
					"JUCE_GLOBAL_MODULE_SETTINGS_INCLUDED=1",
					"JUCE_VST3_CAN_REPLACE_VST2=0",
					"JUCE_STRICT_REFCOUNTEDPOINTER=1",
					"JucePlugin_Build_VST=0",
					"JucePlugin_Build_VST3=0",
					"JucePlugin_Build_AU=1",
					"JucePlugin_Build_AUv3=1",
					"JucePlugin_Build_RTAS=0",
					"JucePlugin_Build_AAX=0",
					"JucePlugin_Build_Standalone=0",
					"JucePlugin_Build_Unity=0",
					"JucePlugin_Enable_IAA=0",
					"JucePlugin_Name=\\\"Space\\ Crusher\\\"",
					"JucePlugin_Desc=\\\"Space\\ Crusher\\\"",
					"JucePlugin_Manufacturer=\\\"Jawnly\\ Labs\\\"",
					"JucePlugin_ManufacturerWebsite=\\\"\\\"",
					"JucePlugin_ManufacturerEmail=\\\"\\\"",
					"JucePlugin_ManufacturerCode=0x4d616e75",
					"JucePlugin_PluginCode=0x457a3436",
					"JucePlugin_IsSynth=0",
					"JucePlugin_WantsMidiInput=0",
					"JucePlugin_ProducesMidiOutput=0",
					"JucePlugin_IsMidiEffect=0",
					"JucePlugin_EditorRequiresKeyboardFocus=0",
					"JucePlugin_Version=1.0.0",
					"JucePlugin_VersionCode=0x10000",
					"JucePlugin_VersionString=\\\"1.0.0\\\"",
					"JucePlugin_VSTUniqueID=JucePlugin_PluginCode",
					"JucePlugin_VSTCategory=kPlugCategEffect",
					"JucePlugin_Vst3Category=\\\"Fx\\\"",
					"JucePlugin_AUMainType=\\'aufx\\'",
					"JucePlugin_AUSubType=JucePlugin_PluginCode",
					"JucePlugin_AUExportPrefix=SpaceCrusherAU",
					"JucePlugin_AUExportPrefixQuoted=\\\"SpaceCrusherAU\\\"",
					"JucePlugin_AUManufacturerCode=JucePlugin_ManufacturerCode",
					"JucePlugin_CFBundleIdentifier=com.JawnlyLabs.SpaceCrusher",
					"JucePlugin_RTASCategory=0",
					"JucePlugin_RTASManufacturerCode=JucePlugin_ManufacturerCode",
					"JucePlugin_RTASProductId=JucePlugin_PluginCode",
					"JucePlugin_RTASDisableBypass=0",
					"JucePlugin_RTASDisableMultiMono=0",
					"JucePlugin_AAXIdentifier=com.JawnlyLabs.SpaceCrusher",
					"JucePlugin_AAXManufacturerCode=JucePlugin_ManufacturerCode",
					"JucePlugin_AAXProductId=JucePlugin_PluginCode",
					"JucePlugin_AAXCategory=0",
					"JucePlugin_AAXDisableBypass=0",
					"JucePlugin_AAXDisableMultiMono=0",
					"JucePlugin_IAAType=0x61757278",
					"JucePlugin_IAASubType=JucePlugin_PluginCode",
					"JucePlugin_IAAName=\\\"Jawnly\\ Labs:\\ Space\\ Crusher\\\"",
					"JucePlugin_VSTNumMidiInputs=16",
					"JucePlugin_VSTNumMidiOutputs=16",
					"JUCE_STANDALONE_APPLICATION=JucePlugin_Build_Standalone",
					"JUCER_XCODE_MAC_F6D2F4CF=1",
					"JUCE_APP_VERSION=1.0.0",
					"JUCE_APP_VERSION_HEX=0x10000",
					"JUCE_SHARED_CODE=1",
				);
				GCC_VERSION = com.apple.compilers.llvm.clang.1_0;
				HEADER_SEARCH_PATHS = (
					"$(SRCROOT)/../../JuceLibraryCode",
					"$(HOME)/JUCE/modules",
					"$(HOME)/JUCE/modules/juce_audio_plugin_client",
					"$(inherited)",
				);
				INSTALL_PATH = "@executable_path/../Frameworks";
				MACOSX_DEPLOYMENT_TARGET = 10.11;
				MTL_HEADER_SEARCH_PATHS = "$(SRCROOT)/../../JuceLibraryCode $(HOME)/JUCE/modules $(HOME)/JUCE/modules/juce_audio_plugin_client";
				PRODUCT_BUNDLE_IDENTIFIER = com.JawnlyLabs.SpaceCrusher;
				PRODUCT_NAME = "Space Crusher";
				SKIP_INSTALL = YES;
				USE_HEADERMAP = NO;
				VALID_ARCHS = "i386 x86_64 arm64 arm64e";
			};
			name = Debug;
		};
/* End XCBuildConfiguration section */

/* Begin XCConfigurationList section */
		63BC18BC7F457B442E37B7A8 = {
			isa = XCConfigurationList;
			buildConfigurations = (
				389C022C28DBF7F9124B0BB1,
				8DDB0E470D1DAD18B7897F97,
			);
			defaultConfigurationIsVisible = 0;
			defaultConfigurationName = Debug;
		};
		7249C82B8CBAA5E880EF78F9 = {
			isa = XCConfigurationList;
			buildConfigurations = (
				2322E45AC69E6C412FB78BF6,
				C32E6109083701ADA99E8DB1,
			);
			defaultConfigurationIsVisible = 0;
			defaultConfigurationName = Debug;
		};
		7594A8834C191CE73E286156 = {
			isa = XCConfigurationList;
			buildConfigurations = (
				635ED7F2D607E1035F89F604,
				A5983EBFC726A5CCBA87EB5E,
			);
			defaultConfigurationIsVisible = 0;
			defaultConfigurationName = Debug;
		};
		772A386B924445A7954FAA55 = {
			isa = XCConfigurationList;
			buildConfigurations = (
				DD75DD1E1171FEE6107A8431,
				5B30CB38768C251FCEFBC68F,
			);
			defaultConfigurationIsVisible = 0;
			defaultConfigurationName = Debug;
		};
		CCDA1B5B3DF89B905619B529 = {
			isa = XCConfigurationList;
			buildConfigurations = (
				7DC4AA9DF6C9287220DE4109,
				0F18F6E6B72EC5CD98C8DED7,
			);
			defaultConfigurationIsVisible = 0;
			defaultConfigurationName = Debug;
		};
/* End XCConfigurationList section */
	};
	rootObject = 26BFE82D02263A337F07DDEB /* Project object */;
}
